
Microsoft Visual Studio Solution File, Format Version 12.00
# Visual Studio Version 17
VisualStudioVersion = 17.4.33213.308
MinimumVisualStudioVersion = 10.0.40219.1
Project("{FAE04EC0-301F-11D3-BF4B-00C04F79EFBC}") = "Ejercicio09.Android", "Ejercicio09\Ejercicio09.Android\Ejercicio09.Android.csproj", "{2EE553C2-D198-4040-9C95-475D781C6410}"
EndProject
Project("{FAE04EC0-301F-11D3-BF4B-00C04F79EFBC}") = "Ejercicio09.iOS", "Ejercicio09\Ejercicio09.iOS\Ejercicio09.iOS.csproj", "{CB0312C6-C3A9-45F9-97CB-6535B365504B}"
EndProject
Project("{FAE04EC0-301F-11D3-BF4B-00C04F79EFBC}") = "Ejercicio09", "Ejercicio09\Ejercicio09\Ejercicio09.csproj", "{4E7DB5D6-A91F-4EF9-916B-8B8A857574A9}"
EndProject
Global
	GlobalSection(SolutionConfigurationPlatforms) = preSolution
		Debug|Any CPU = Debug|Any CPU
		Debug|iPhone = Debug|iPhone
		Debug|iPhoneSimulator = Debug|iPhoneSimulator
		Release|Any CPU = Release|Any CPU
		Release|iPhone = Release|iPhone
		Release|iPhoneSimulator = Release|iPhoneSimulator
	EndGlobalSection
	GlobalSection(ProjectConfigurationPlatforms) = postSolution
		{2EE553C2-D198-4040-9C95-475D781C6410}.Debug|Any CPU.ActiveCfg = Debug|Any CPU
		{2EE553C2-D198-4040-9C95-475D781C6410}.Debug|Any CPU.Build.0 = Debug|Any CPU
		{2EE553C2-D198-4040-9C95-475D781C6410}.Debug|Any CPU.Deploy.0 = Debug|Any CPU
		{2EE553C2-D198-4040-9C95-475D781C6410}.Debug|iPhone.ActiveCfg = Debug|Any CPU
		{2EE553C2-D198-4040-9C95-475D781C6410}.Debug|iPhone.Build.0 = Debug|Any CPU
		{2EE553C2-D198-4040-9C95-475D781C6410}.Debug|iPhone.Deploy.0 = Debug|Any CPU
		{2EE553C2-D198-4040-9C95-475D781C6410}.Debug|iPhoneSimulator.ActiveCfg = Debug|Any CPU
		{2EE553C2-D198-4040-9C95-475D781C6410}.Debug|iPhoneSimulator.Build.0 = Debug|Any CPU
		{2EE553C2-D198-4040-9C95-475D781C6410}.Debug|iPhoneSimulator.Deploy.0 = Debug|Any CPU
		{2EE553C2-D198-4040-9C95-475D781C6410}.Release|Any CPU.ActiveCfg = Release|Any CPU
		{2EE553C2-D198-4040-9C95-475D781C6410}.Release|Any CPU.Build.0 = Release|Any CPU
		{2EE553C2-D198-4040-9C95-475D781C6410}.Release|Any CPU.Deploy.0 = Release|Any CPU
		{2EE553C2-D198-4040-9C95-475D781C6410}.Release|iPhone.ActiveCfg = Release|Any CPU
		{2EE553C2-D198-4040-9C95-475D781C6410}.Release|iPhone.Build.0 = Release|Any CPU
		{2EE553C2-D198-4040-9C95-475D781C6410}.Release|iPhone.Deploy.0 = Release|Any CPU
		{2EE553C2-D198-4040-9C95-475D781C6410}.Release|iPhoneSimulator.ActiveCfg = Release|Any CPU
		{2EE553C2-D198-4040-9C95-475D781C6410}.Release|iPhoneSimulator.Build.0 = Release|Any CPU
		{2EE553C2-D198-4040-9C95-475D781C6410}.Release|iPhoneSimulator.Deploy.0 = Release|Any CPU
		{CB0312C6-C3A9-45F9-97CB-6535B365504B}.Debug|Any CPU.ActiveCfg = Debug|iPhone
		{CB0312C6-C3A9-45F9-97CB-6535B365504B}.Debug|Any CPU.Build.0 = Debug|iPhone
		{CB0312C6-C3A9-45F9-97CB-6535B365504B}.Debug|Any CPU.Deploy.0 = Debug|iPhone
		{CB0312C6-C3A9-45F9-97CB-6535B365504B}.Debug|iPhone.ActiveCfg = Debug|iPhone
		{CB0312C6-C3A9-45F9-97CB-6535B365504B}.Debug|iPhone.Build.0 = Debug|iPhone
		{CB0312C6-C3A9-45F9-97CB-6535B365504B}.Debug|iPhone.Deploy.0 = Debug|iPhone
		{CB0312C6-C3A9-45F9-97CB-6535B365504B}.Debug|iPhoneSimulator.ActiveCfg = Debug|iPhoneSimulator
		{CB0312C6-C3A9-45F9-97CB-6535B365504B}.Debug|iPhoneSimulator.Build.0 = Debug|iPhoneSimulator
		{CB0312C6-C3A9-45F9-97CB-6535B365504B}.Debug|iPhoneSimulator.Deploy.0 = Debug|iPhoneSimulator
		{CB0312C6-C3A9-45F9-97CB-6535B365504B}.Release|Any CPU.ActiveCfg = Release|iPhoneSimulator
		{CB0312C6-C3A9-45F9-97CB-6535B365504B}.Release|Any CPU.Build.0 = Release|iPhoneSimulator
		{CB0312C6-C3A9-45F9-97CB-6535B365504B}.Release|Any CPU.Deploy.0 = Release|iPhoneSimulator
		{CB0312C6-C3A9-45F9-97CB-6535B365504B}.Release|iPhone.ActiveCfg = Release|iPhone
		{CB0312C6-C3A9-45F9-97CB-6535B365504B}.Release|iPhone.Build.0 = Release|iPhone
		{CB0312C6-C3A9-45F9-97CB-6535B365504B}.Release|iPhone.Deploy.0 = Release|iPhone
		{CB0312C6-C3A9-45F9-97CB-6535B365504B}.Release|iPhoneSimulator.ActiveCfg = Release|iPhoneSimulator
		{CB0312C6-C3A9-45F9-97CB-6535B365504B}.Release|iPhoneSimulator.Build.0 = Release|iPhoneSimulator
		{CB0312C6-C3A9-45F9-97CB-6535B365504B}.Release|iPhoneSimulator.Deploy.0 = Release|iPhoneSimulator
		{4E7DB5D6-A91F-4EF9-916B-8B8A857574A9}.Debug|Any CPU.ActiveCfg = Debug|Any CPU
		{4E7DB5D6-A91F-4EF9-916B-8B8A857574A9}.Debug|Any CPU.Build.0 = Debug|Any CPU
		{4E7DB5D6-A91F-4EF9-916B-8B8A857574A9}.Debug|Any CPU.Deploy.0 = Debug|Any CPU
		{4E7DB5D6-A91F-4EF9-916B-8B8A857574A9}.Debug|iPhone.ActiveCfg = Debug|Any CPU
		{4E7DB5D6-A91F-4EF9-916B-8B8A857574A9}.Debug|iPhone.Build.0 = Debug|Any CPU
		{4E7DB5D6-A91F-4EF9-916B-8B8A857574A9}.Debug|iPhone.Deploy.0 = Debug|Any CPU
		{4E7DB5D6-A91F-4EF9-916B-8B8A857574A9}.Debug|iPhoneSimulator.ActiveCfg = Debug|Any CPU
		{4E7DB5D6-A91F-4EF9-916B-8B8A857574A9}.Debug|iPhoneSimulator.Build.0 = Debug|Any CPU
		{4E7DB5D6-A91F-4EF9-916B-8B8A857574A9}.Debug|iPhoneSimulator.Deploy.0 = Debug|Any CPU
		{4E7DB5D6-A91F-4EF9-916B-8B8A857574A9}.Release|Any CPU.ActiveCfg = Release|Any CPU
		{4E7DB5D6-A91F-4EF9-916B-8B8A857574A9}.Release|Any CPU.Build.0 = Release|Any CPU
		{4E7DB5D6-A91F-4EF9-916B-8B8A857574A9}.Release|Any CPU.Deploy.0 = Release|Any CPU
		{4E7DB5D6-A91F-4EF9-916B-8B8A857574A9}.Release|iPhone.ActiveCfg = Release|Any CPU
		{4E7DB5D6-A91F-4EF9-916B-8B8A857574A9}.Release|iPhone.Build.0 = Release|Any CPU
		{4E7DB5D6-A91F-4EF9-916B-8B8A857574A9}.Release|iPhone.Deploy.0 = Release|Any CPU
		{4E7DB5D6-A91F-4EF9-916B-8B8A857574A9}.Release|iPhoneSimulator.ActiveCfg = Release|Any CPU
		{4E7DB5D6-A91F-4EF9-916B-8B8A857574A9}.Release|iPhoneSimulator.Build.0 = Release|Any CPU
		{4E7DB5D6-A91F-4EF9-916B-8B8A857574A9}.Release|iPhoneSimulator.Deploy.0 = Release|Any CPU
	EndGlobalSection
	GlobalSection(SolutionProperties) = preSolution
		HideSolutionNode = FALSE
	EndGlobalSection
	GlobalSection(ExtensibilityGlobals) = postSolution
		SolutionGuid = {F934FB16-7543-4D3E-B576-33DEEDAF64C8}
	EndGlobalSection
EndGlobal
